
Microsoft Visual Studio Solution File, Format Version 12.00
# Visual Studio Version 17
VisualStudioVersion = 17.14.36310.24 d17.14
MinimumVisualStudioVersion = 10.0.40219.1
Project("{FAE04EC0-301F-11D3-BF4B-00C04F79EFBC}") = "PRY_TrabajadoresPrueba", "PRY_TrabajadoresPrueba\PRY_TrabajadoresPrueba.csproj", "{FADC7BD6-9638-4B79-9613-2E94AA7BC1F3}"
EndProject
Global
	GlobalSection(SolutionConfigurationPlatforms) = preSolution
		Debug|Any CPU = Debug|Any CPU
		Release|Any CPU = Release|Any CPU
	EndGlobalSection
	GlobalSection(ProjectConfigurationPlatforms) = postSolution
		{FADC7BD6-9638-4B79-9613-2E94AA7BC1F3}.Debug|Any CPU.ActiveCfg = Debug|Any CPU
		{FADC7BD6-9638-4B79-9613-2E94AA7BC1F3}.Debug|Any CPU.Build.0 = Debug|Any CPU
		{FADC7BD6-9638-4B79-9613-2E94AA7BC1F3}.Release|Any CPU.ActiveCfg = Release|Any CPU
		{FADC7BD6-9638-4B79-9613-2E94AA7BC1F3}.Release|Any CPU.Build.0 = Release|Any CPU
	EndGlobalSection
	GlobalSection(SolutionProperties) = preSolution
		HideSolutionNode = FALSE
	EndGlobalSection
	GlobalSection(ExtensibilityGlobals) = postSolution
		SolutionGuid = {C8CF6EF5-B48E-41CF-B7B8-6AEDD0AA7D31}
	EndGlobalSection
EndGlobal
